
Microsoft Visual Studio Solution File, Format Version 12.00
# Visual Studio 14
VisualStudioVersion = 14.0.24720.0
MinimumVisualStudioVersion = 10.0.40219.1
Project("{FAE04EC0-301F-11D3-BF4B-00C04F79EFBC}") = "MyMvxSimple.Core", "MyMvxSimple.Core\MyMvxSimple.Core.csproj", "{634502D0-A228-40F5-B8E6-944CBF84615A}"
EndProject
Project("{FAE04EC0-301F-11D3-BF4B-00C04F79EFBC}") = "MyMvxSimple.UWP", "MyMvxSimple.UWP\MyMvxSimple.UWP.csproj", "{8871A443-B575-4F11-BB42-5D72C24D9B82}"
EndProject
Project("{FAE04EC0-301F-11D3-BF4B-00C04F79EFBC}") = "MyMvxSimple.WPF", "MyMvxSimple.WPF\MyMvxSimple.WPF.csproj", "{8B840B0D-F36A-4FE3-803D-E2E299C5E7BB}"
EndProject
Project("{FAE04EC0-301F-11D3-BF4B-00C04F79EFBC}") = "MyMvxSimple.Droid", "MyMvxSimple.Droid\MyMvxSimple.Droid.csproj", "{E006E660-5440-4DDE-AE56-A6FDF7001147}"
EndProject
Project("{FAE04EC0-301F-11D3-BF4B-00C04F79EFBC}") = "MyMvxSimple.Touch", "MyMvxSimple.Touch\MyMvxSimple.Touch.csproj", "{21CDE8AD-3431-4895-B5CA-4475AE72EA21}"
EndProject
Global
	GlobalSection(SolutionConfigurationPlatforms) = preSolution
		Ad-Hoc|Any CPU = Ad-Hoc|Any CPU
		Ad-Hoc|ARM = Ad-Hoc|ARM
		Ad-Hoc|iPhone = Ad-Hoc|iPhone
		Ad-Hoc|iPhoneSimulator = Ad-Hoc|iPhoneSimulator
		Ad-Hoc|x64 = Ad-Hoc|x64
		Ad-Hoc|x86 = Ad-Hoc|x86
		AppStore|Any CPU = AppStore|Any CPU
		AppStore|ARM = AppStore|ARM
		AppStore|iPhone = AppStore|iPhone
		AppStore|iPhoneSimulator = AppStore|iPhoneSimulator
		AppStore|x64 = AppStore|x64
		AppStore|x86 = AppStore|x86
		Debug|Any CPU = Debug|Any CPU
		Debug|ARM = Debug|ARM
		Debug|iPhone = Debug|iPhone
		Debug|iPhoneSimulator = Debug|iPhoneSimulator
		Debug|x64 = Debug|x64
		Debug|x86 = Debug|x86
		Release|Any CPU = Release|Any CPU
		Release|ARM = Release|ARM
		Release|iPhone = Release|iPhone
		Release|iPhoneSimulator = Release|iPhoneSimulator
		Release|x64 = Release|x64
		Release|x86 = Release|x86
	EndGlobalSection
	GlobalSection(ProjectConfigurationPlatforms) = postSolution
		{634502D0-A228-40F5-B8E6-944CBF84615A}.Ad-Hoc|Any CPU.ActiveCfg = Release|Any CPU
		{634502D0-A228-40F5-B8E6-944CBF84615A}.Ad-Hoc|Any CPU.Build.0 = Release|Any CPU
		{634502D0-A228-40F5-B8E6-944CBF84615A}.Ad-Hoc|ARM.ActiveCfg = Release|Any CPU
		{634502D0-A228-40F5-B8E6-944CBF84615A}.Ad-Hoc|ARM.Build.0 = Release|Any CPU
		{634502D0-A228-40F5-B8E6-944CBF84615A}.Ad-Hoc|iPhone.ActiveCfg = Release|Any CPU
		{634502D0-A228-40F5-B8E6-944CBF84615A}.Ad-Hoc|iPhone.Build.0 = Release|Any CPU
		{634502D0-A228-40F5-B8E6-944CBF84615A}.Ad-Hoc|iPhoneSimulator.ActiveCfg = Release|Any CPU
		{634502D0-A228-40F5-B8E6-944CBF84615A}.Ad-Hoc|iPhoneSimulator.Build.0 = Release|Any CPU
		{634502D0-A228-40F5-B8E6-944CBF84615A}.Ad-Hoc|x64.ActiveCfg = Release|Any CPU
		{634502D0-A228-40F5-B8E6-944CBF84615A}.Ad-Hoc|x64.Build.0 = Release|Any CPU
		{634502D0-A228-40F5-B8E6-944CBF84615A}.Ad-Hoc|x86.ActiveCfg = Release|Any CPU
		{634502D0-A228-40F5-B8E6-944CBF84615A}.Ad-Hoc|x86.Build.0 = Release|Any CPU
		{634502D0-A228-40F5-B8E6-944CBF84615A}.AppStore|Any CPU.ActiveCfg = Release|Any CPU
		{634502D0-A228-40F5-B8E6-944CBF84615A}.AppStore|Any CPU.Build.0 = Release|Any CPU
		{634502D0-A228-40F5-B8E6-944CBF84615A}.AppStore|ARM.ActiveCfg = Release|Any CPU
		{634502D0-A228-40F5-B8E6-944CBF84615A}.AppStore|ARM.Build.0 = Release|Any CPU
		{634502D0-A228-40F5-B8E6-944CBF84615A}.AppStore|iPhone.ActiveCfg = Release|Any CPU
		{634502D0-A228-40F5-B8E6-944CBF84615A}.AppStore|iPhone.Build.0 = Release|Any CPU
		{634502D0-A228-40F5-B8E6-944CBF84615A}.AppStore|iPhoneSimulator.ActiveCfg = Release|Any CPU
		{634502D0-A228-40F5-B8E6-944CBF84615A}.AppStore|iPhoneSimulator.Build.0 = Release|Any CPU
		{634502D0-A228-40F5-B8E6-944CBF84615A}.AppStore|x64.ActiveCfg = Release|Any CPU
		{634502D0-A228-40F5-B8E6-944CBF84615A}.AppStore|x64.Build.0 = Release|Any CPU
		{634502D0-A228-40F5-B8E6-944CBF84615A}.AppStore|x86.ActiveCfg = Release|Any CPU
		{634502D0-A228-40F5-B8E6-944CBF84615A}.AppStore|x86.Build.0 = Release|Any CPU
		{634502D0-A228-40F5-B8E6-944CBF84615A}.Debug|Any CPU.ActiveCfg = Debug|Any CPU
		{634502D0-A228-40F5-B8E6-944CBF84615A}.Debug|Any CPU.Build.0 = Debug|Any CPU
		{634502D0-A228-40F5-B8E6-944CBF84615A}.Debug|ARM.ActiveCfg = Debug|Any CPU
		{634502D0-A228-40F5-B8E6-944CBF84615A}.Debug|ARM.Build.0 = Debug|Any CPU
		{634502D0-A228-40F5-B8E6-944CBF84615A}.Debug|iPhone.ActiveCfg = Debug|Any CPU
		{634502D0-A228-40F5-B8E6-944CBF84615A}.Debug|iPhone.Build.0 = Debug|Any CPU
		{634502D0-A228-40F5-B8E6-944CBF84615A}.Debug|iPhoneSimulator.ActiveCfg = Debug|Any CPU
		{634502D0-A228-40F5-B8E6-944CBF84615A}.Debug|iPhoneSimulator.Build.0 = Debug|Any CPU
		{634502D0-A228-40F5-B8E6-944CBF84615A}.Debug|x64.ActiveCfg = Debug|Any CPU
		{634502D0-A228-40F5-B8E6-944CBF84615A}.Debug|x64.Build.0 = Debug|Any CPU
		{634502D0-A228-40F5-B8E6-944CBF84615A}.Debug|x86.ActiveCfg = Debug|Any CPU
		{634502D0-A228-40F5-B8E6-944CBF84615A}.Debug|x86.Build.0 = Debug|Any CPU
		{634502D0-A228-40F5-B8E6-944CBF84615A}.Release|Any CPU.ActiveCfg = Release|Any CPU
		{634502D0-A228-40F5-B8E6-944CBF84615A}.Release|Any CPU.Build.0 = Release|Any CPU
		{634502D0-A228-40F5-B8E6-944CBF84615A}.Release|ARM.ActiveCfg = Release|Any CPU
		{634502D0-A228-40F5-B8E6-944CBF84615A}.Release|ARM.Build.0 = Release|Any CPU
		{634502D0-A228-40F5-B8E6-944CBF84615A}.Release|iPhone.ActiveCfg = Release|Any CPU
		{634502D0-A228-40F5-B8E6-944CBF84615A}.Release|iPhone.Build.0 = Release|Any CPU
		{634502D0-A228-40F5-B8E6-944CBF84615A}.Release|iPhoneSimulator.ActiveCfg = Release|Any CPU
		{634502D0-A228-40F5-B8E6-944CBF84615A}.Release|iPhoneSimulator.Build.0 = Release|Any CPU
		{634502D0-A228-40F5-B8E6-944CBF84615A}.Release|x64.ActiveCfg = Release|Any CPU
		{634502D0-A228-40F5-B8E6-944CBF84615A}.Release|x64.Build.0 = Release|Any CPU
		{634502D0-A228-40F5-B8E6-944CBF84615A}.Release|x86.ActiveCfg = Release|Any CPU
		{634502D0-A228-40F5-B8E6-944CBF84615A}.Release|x86.Build.0 = Release|Any CPU
		{8871A443-B575-4F11-BB42-5D72C24D9B82}.Ad-Hoc|Any CPU.ActiveCfg = Release|x64
		{8871A443-B575-4F11-BB42-5D72C24D9B82}.Ad-Hoc|Any CPU.Build.0 = Release|x64
		{8871A443-B575-4F11-BB42-5D72C24D9B82}.Ad-Hoc|Any CPU.Deploy.0 = Release|x64
		{8871A443-B575-4F11-BB42-5D72C24D9B82}.Ad-Hoc|ARM.ActiveCfg = Release|ARM
		{8871A443-B575-4F11-BB42-5D72C24D9B82}.Ad-Hoc|ARM.Build.0 = Release|ARM
		{8871A443-B575-4F11-BB42-5D72C24D9B82}.Ad-Hoc|ARM.Deploy.0 = Release|ARM
		{8871A443-B575-4F11-BB42-5D72C24D9B82}.Ad-Hoc|iPhone.ActiveCfg = Release|x64
		{8871A443-B575-4F11-BB42-5D72C24D9B82}.Ad-Hoc|iPhone.Build.0 = Release|x64
		{8871A443-B575-4F11-BB42-5D72C24D9B82}.Ad-Hoc|iPhone.Deploy.0 = Release|x64
		{8871A443-B575-4F11-BB42-5D72C24D9B82}.Ad-Hoc|iPhoneSimulator.ActiveCfg = Release|x64
		{8871A443-B575-4F11-BB42-5D72C24D9B82}.Ad-Hoc|iPhoneSimulator.Build.0 = Release|x64
		{8871A443-B575-4F11-BB42-5D72C24D9B82}.Ad-Hoc|iPhoneSimulator.Deploy.0 = Release|x64
		{8871A443-B575-4F11-BB42-5D72C24D9B82}.Ad-Hoc|x64.ActiveCfg = Release|x64
		{8871A443-B575-4F11-BB42-5D72C24D9B82}.Ad-Hoc|x64.Build.0 = Release|x64
		{8871A443-B575-4F11-BB42-5D72C24D9B82}.Ad-Hoc|x64.Deploy.0 = Release|x64
		{8871A443-B575-4F11-BB42-5D72C24D9B82}.Ad-Hoc|x86.ActiveCfg = Release|x86
		{8871A443-B575-4F11-BB42-5D72C24D9B82}.Ad-Hoc|x86.Build.0 = Release|x86
		{8871A443-B575-4F11-BB42-5D72C24D9B82}.Ad-Hoc|x86.Deploy.0 = Release|x86
		{8871A443-B575-4F11-BB42-5D72C24D9B82}.AppStore|Any CPU.ActiveCfg = Release|x64
		{8871A443-B575-4F11-BB42-5D72C24D9B82}.AppStore|Any CPU.Build.0 = Release|x64
		{8871A443-B575-4F11-BB42-5D72C24D9B82}.AppStore|Any CPU.Deploy.0 = Release|x64
		{8871A443-B575-4F11-BB42-5D72C24D9B82}.AppStore|ARM.ActiveCfg = Release|ARM
		{8871A443-B575-4F11-BB42-5D72C24D9B82}.AppStore|ARM.Build.0 = Release|ARM
		{8871A443-B575-4F11-BB42-5D72C24D9B82}.AppStore|ARM.Deploy.0 = Release|ARM
		{8871A443-B575-4F11-BB42-5D72C24D9B82}.AppStore|iPhone.ActiveCfg = Release|x64
		{8871A443-B575-4F11-BB42-5D72C24D9B82}.AppStore|iPhone.Build.0 = Release|x64
		{8871A443-B575-4F11-BB42-5D72C24D9B82}.AppStore|iPhone.Deploy.0 = Release|x64
		{8871A443-B575-4F11-BB42-5D72C24D9B82}.AppStore|iPhoneSimulator.ActiveCfg = Release|x64
		{8871A443-B575-4F11-BB42-5D72C24D9B82}.AppStore|iPhoneSimulator.Build.0 = Release|x64
		{8871A443-B575-4F11-BB42-5D72C24D9B82}.AppStore|iPhoneSimulator.Deploy.0 = Release|x64
		{8871A443-B575-4F11-BB42-5D72C24D9B82}.AppStore|x64.ActiveCfg = Release|x64
		{8871A443-B575-4F11-BB42-5D72C24D9B82}.AppStore|x64.Build.0 = Release|x64
		{8871A443-B575-4F11-BB42-5D72C24D9B82}.AppStore|x64.Deploy.0 = Release|x64
		{8871A443-B575-4F11-BB42-5D72C24D9B82}.AppStore|x86.ActiveCfg = Release|x86
		{8871A443-B575-4F11-BB42-5D72C24D9B82}.AppStore|x86.Build.0 = Release|x86
		{8871A443-B575-4F11-BB42-5D72C24D9B82}.AppStore|x86.Deploy.0 = Release|x86
		{8871A443-B575-4F11-BB42-5D72C24D9B82}.Debug|Any CPU.ActiveCfg = Debug|x86
		{8871A443-B575-4F11-BB42-5D72C24D9B82}.Debug|ARM.ActiveCfg = Debug|ARM
		{8871A443-B575-4F11-BB42-5D72C24D9B82}.Debug|ARM.Build.0 = Debug|ARM
		{8871A443-B575-4F11-BB42-5D72C24D9B82}.Debug|ARM.Deploy.0 = Debug|ARM
		{8871A443-B575-4F11-BB42-5D72C24D9B82}.Debug|iPhone.ActiveCfg = Debug|x86
		{8871A443-B575-4F11-BB42-5D72C24D9B82}.Debug|iPhoneSimulator.ActiveCfg = Debug|x86
		{8871A443-B575-4F11-BB42-5D72C24D9B82}.Debug|x64.ActiveCfg = Debug|x64
		{8871A443-B575-4F11-BB42-5D72C24D9B82}.Debug|x64.Build.0 = Debug|x64
		{8871A443-B575-4F11-BB42-5D72C24D9B82}.Debug|x64.Deploy.0 = Debug|x64
		{8871A443-B575-4F11-BB42-5D72C24D9B82}.Debug|x86.ActiveCfg = Debug|x86
		{8871A443-B575-4F11-BB42-5D72C24D9B82}.Debug|x86.Build.0 = Debug|x86
		{8871A443-B575-4F11-BB42-5D72C24D9B82}.Debug|x86.Deploy.0 = Debug|x86
		{8871A443-B575-4F11-BB42-5D72C24D9B82}.Release|Any CPU.ActiveCfg = Release|x86
		{8871A443-B575-4F11-BB42-5D72C24D9B82}.Release|ARM.ActiveCfg = Release|ARM
		{8871A443-B575-4F11-BB42-5D72C24D9B82}.Release|ARM.Build.0 = Release|ARM
		{8871A443-B575-4F11-BB42-5D72C24D9B82}.Release|ARM.Deploy.0 = Release|ARM
		{8871A443-B575-4F11-BB42-5D72C24D9B82}.Release|iPhone.ActiveCfg = Release|x86
		{8871A443-B575-4F11-BB42-5D72C24D9B82}.Release|iPhoneSimulator.ActiveCfg = Release|x86
		{8871A443-B575-4F11-BB42-5D72C24D9B82}.Release|x64.ActiveCfg = Release|x64
		{8871A443-B575-4F11-BB42-5D72C24D9B82}.Release|x64.Build.0 = Release|x64
		{8871A443-B575-4F11-BB42-5D72C24D9B82}.Release|x64.Deploy.0 = Release|x64
		{8871A443-B575-4F11-BB42-5D72C24D9B82}.Release|x86.ActiveCfg = Release|x86
		{8871A443-B575-4F11-BB42-5D72C24D9B82}.Release|x86.Build.0 = Release|x86
		{8871A443-B575-4F11-BB42-5D72C24D9B82}.Release|x86.Deploy.0 = Release|x86
		{8B840B0D-F36A-4FE3-803D-E2E299C5E7BB}.Ad-Hoc|Any CPU.ActiveCfg = Release|Any CPU
		{8B840B0D-F36A-4FE3-803D-E2E299C5E7BB}.Ad-Hoc|Any CPU.Build.0 = Release|Any CPU
		{8B840B0D-F36A-4FE3-803D-E2E299C5E7BB}.Ad-Hoc|ARM.ActiveCfg = Release|Any CPU
		{8B840B0D-F36A-4FE3-803D-E2E299C5E7BB}.Ad-Hoc|ARM.Build.0 = Release|Any CPU
		{8B840B0D-F36A-4FE3-803D-E2E299C5E7BB}.Ad-Hoc|iPhone.ActiveCfg = Release|Any CPU
		{8B840B0D-F36A-4FE3-803D-E2E299C5E7BB}.Ad-Hoc|iPhone.Build.0 = Release|Any CPU
		{8B840B0D-F36A-4FE3-803D-E2E299C5E7BB}.Ad-Hoc|iPhoneSimulator.ActiveCfg = Release|Any CPU
		{8B840B0D-F36A-4FE3-803D-E2E299C5E7BB}.Ad-Hoc|iPhoneSimulator.Build.0 = Release|Any CPU
		{8B840B0D-F36A-4FE3-803D-E2E299C5E7BB}.Ad-Hoc|x64.ActiveCfg = Release|Any CPU
		{8B840B0D-F36A-4FE3-803D-E2E299C5E7BB}.Ad-Hoc|x64.Build.0 = Release|Any CPU
		{8B840B0D-F36A-4FE3-803D-E2E299C5E7BB}.Ad-Hoc|x86.ActiveCfg = Release|Any CPU
		{8B840B0D-F36A-4FE3-803D-E2E299C5E7BB}.Ad-Hoc|x86.Build.0 = Release|Any CPU
		{8B840B0D-F36A-4FE3-803D-E2E299C5E7BB}.AppStore|Any CPU.ActiveCfg = Release|Any CPU
		{8B840B0D-F36A-4FE3-803D-E2E299C5E7BB}.AppStore|Any CPU.Build.0 = Release|Any CPU
		{8B840B0D-F36A-4FE3-803D-E2E299C5E7BB}.AppStore|ARM.ActiveCfg = Release|Any CPU
		{8B840B0D-F36A-4FE3-803D-E2E299C5E7BB}.AppStore|ARM.Build.0 = Release|Any CPU
		{8B840B0D-F36A-4FE3-803D-E2E299C5E7BB}.AppStore|iPhone.ActiveCfg = Release|Any CPU
		{8B840B0D-F36A-4FE3-803D-E2E299C5E7BB}.AppStore|iPhone.Build.0 = Release|Any CPU
		{8B840B0D-F36A-4FE3-803D-E2E299C5E7BB}.AppStore|iPhoneSimulator.ActiveCfg = Release|Any CPU
		{8B840B0D-F36A-4FE3-803D-E2E299C5E7BB}.AppStore|iPhoneSimulator.Build.0 = Release|Any CPU
		{8B840B0D-F36A-4FE3-803D-E2E299C5E7BB}.AppStore|x64.ActiveCfg = Release|Any CPU
		{8B840B0D-F36A-4FE3-803D-E2E299C5E7BB}.AppStore|x64.Build.0 = Release|Any CPU
		{8B840B0D-F36A-4FE3-803D-E2E299C5E7BB}.AppStore|x86.ActiveCfg = Release|Any CPU
		{8B840B0D-F36A-4FE3-803D-E2E299C5E7BB}.AppStore|x86.Build.0 = Release|Any CPU
		{8B840B0D-F36A-4FE3-803D-E2E299C5E7BB}.Debug|Any CPU.ActiveCfg = Debug|Any CPU
		{8B840B0D-F36A-4FE3-803D-E2E299C5E7BB}.Debug|Any CPU.Build.0 = Debug|Any CPU
		{8B840B0D-F36A-4FE3-803D-E2E299C5E7BB}.Debug|ARM.ActiveCfg = Debug|Any CPU
		{8B840B0D-F36A-4FE3-803D-E2E299C5E7BB}.Debug|ARM.Build.0 = Debug|Any CPU
		{8B840B0D-F36A-4FE3-803D-E2E299C5E7BB}.Debug|iPhone.ActiveCfg = Debug|Any CPU
		{8B840B0D-F36A-4FE3-803D-E2E299C5E7BB}.Debug|iPhone.Build.0 = Debug|Any CPU
		{8B840B0D-F36A-4FE3-803D-E2E299C5E7BB}.Debug|iPhoneSimulator.ActiveCfg = Debug|Any CPU
		{8B840B0D-F36A-4FE3-803D-E2E299C5E7BB}.Debug|iPhoneSimulator.Build.0 = Debug|Any CPU
		{8B840B0D-F36A-4FE3-803D-E2E299C5E7BB}.Debug|x64.ActiveCfg = Debug|Any CPU
		{8B840B0D-F36A-4FE3-803D-E2E299C5E7BB}.Debug|x64.Build.0 = Debug|Any CPU
		{8B840B0D-F36A-4FE3-803D-E2E299C5E7BB}.Debug|x86.ActiveCfg = Debug|Any CPU
		{8B840B0D-F36A-4FE3-803D-E2E299C5E7BB}.Debug|x86.Build.0 = Debug|Any CPU
		{8B840B0D-F36A-4FE3-803D-E2E299C5E7BB}.Release|Any CPU.ActiveCfg = Release|Any CPU
		{8B840B0D-F36A-4FE3-803D-E2E299C5E7BB}.Release|Any CPU.Build.0 = Release|Any CPU
		{8B840B0D-F36A-4FE3-803D-E2E299C5E7BB}.Release|ARM.ActiveCfg = Release|Any CPU
		{8B840B0D-F36A-4FE3-803D-E2E299C5E7BB}.Release|ARM.Build.0 = Release|Any CPU
		{8B840B0D-F36A-4FE3-803D-E2E299C5E7BB}.Release|iPhone.ActiveCfg = Release|Any CPU
		{8B840B0D-F36A-4FE3-803D-E2E299C5E7BB}.Release|iPhone.Build.0 = Release|Any CPU
		{8B840B0D-F36A-4FE3-803D-E2E299C5E7BB}.Release|iPhoneSimulator.ActiveCfg = Release|Any CPU
		{8B840B0D-F36A-4FE3-803D-E2E299C5E7BB}.Release|iPhoneSimulator.Build.0 = Release|Any CPU
		{8B840B0D-F36A-4FE3-803D-E2E299C5E7BB}.Release|x64.ActiveCfg = Release|Any CPU
		{8B840B0D-F36A-4FE3-803D-E2E299C5E7BB}.Release|x64.Build.0 = Release|Any CPU
		{8B840B0D-F36A-4FE3-803D-E2E299C5E7BB}.Release|x86.ActiveCfg = Release|Any CPU
		{8B840B0D-F36A-4FE3-803D-E2E299C5E7BB}.Release|x86.Build.0 = Release|Any CPU
		{E006E660-5440-4DDE-AE56-A6FDF7001147}.Ad-Hoc|Any CPU.ActiveCfg = Release|Any CPU
		{E006E660-5440-4DDE-AE56-A6FDF7001147}.Ad-Hoc|Any CPU.Build.0 = Release|Any CPU
		{E006E660-5440-4DDE-AE56-A6FDF7001147}.Ad-Hoc|Any CPU.Deploy.0 = Release|Any CPU
		{E006E660-5440-4DDE-AE56-A6FDF7001147}.Ad-Hoc|ARM.ActiveCfg = Release|Any CPU
		{E006E660-5440-4DDE-AE56-A6FDF7001147}.Ad-Hoc|ARM.Build.0 = Release|Any CPU
		{E006E660-5440-4DDE-AE56-A6FDF7001147}.Ad-Hoc|ARM.Deploy.0 = Release|Any CPU
		{E006E660-5440-4DDE-AE56-A6FDF7001147}.Ad-Hoc|iPhone.ActiveCfg = Release|Any CPU
		{E006E660-5440-4DDE-AE56-A6FDF7001147}.Ad-Hoc|iPhone.Build.0 = Release|Any CPU
		{E006E660-5440-4DDE-AE56-A6FDF7001147}.Ad-Hoc|iPhone.Deploy.0 = Release|Any CPU
		{E006E660-5440-4DDE-AE56-A6FDF7001147}.Ad-Hoc|iPhoneSimulator.ActiveCfg = Release|Any CPU
		{E006E660-5440-4DDE-AE56-A6FDF7001147}.Ad-Hoc|iPhoneSimulator.Build.0 = Release|Any CPU
		{E006E660-5440-4DDE-AE56-A6FDF7001147}.Ad-Hoc|iPhoneSimulator.Deploy.0 = Release|Any CPU
		{E006E660-5440-4DDE-AE56-A6FDF7001147}.Ad-Hoc|x64.ActiveCfg = Release|Any CPU
		{E006E660-5440-4DDE-AE56-A6FDF7001147}.Ad-Hoc|x64.Build.0 = Release|Any CPU
		{E006E660-5440-4DDE-AE56-A6FDF7001147}.Ad-Hoc|x64.Deploy.0 = Release|Any CPU
		{E006E660-5440-4DDE-AE56-A6FDF7001147}.Ad-Hoc|x86.ActiveCfg = Release|Any CPU
		{E006E660-5440-4DDE-AE56-A6FDF7001147}.Ad-Hoc|x86.Build.0 = Release|Any CPU
		{E006E660-5440-4DDE-AE56-A6FDF7001147}.Ad-Hoc|x86.Deploy.0 = Release|Any CPU
		{E006E660-5440-4DDE-AE56-A6FDF7001147}.AppStore|Any CPU.ActiveCfg = Release|Any CPU
		{E006E660-5440-4DDE-AE56-A6FDF7001147}.AppStore|Any CPU.Build.0 = Release|Any CPU
		{E006E660-5440-4DDE-AE56-A6FDF7001147}.AppStore|Any CPU.Deploy.0 = Release|Any CPU
		{E006E660-5440-4DDE-AE56-A6FDF7001147}.AppStore|ARM.ActiveCfg = Release|Any CPU
		{E006E660-5440-4DDE-AE56-A6FDF7001147}.AppStore|ARM.Build.0 = Release|Any CPU
		{E006E660-5440-4DDE-AE56-A6FDF7001147}.AppStore|ARM.Deploy.0 = Release|Any CPU
		{E006E660-5440-4DDE-AE56-A6FDF7001147}.AppStore|iPhone.ActiveCfg = Release|Any CPU
		{E006E660-5440-4DDE-AE56-A6FDF7001147}.AppStore|iPhone.Build.0 = Release|Any CPU
		{E006E660-5440-4DDE-AE56-A6FDF7001147}.AppStore|iPhone.Deploy.0 = Release|Any CPU
		{E006E660-5440-4DDE-AE56-A6FDF7001147}.AppStore|iPhoneSimulator.ActiveCfg = Release|Any CPU
		{E006E660-5440-4DDE-AE56-A6FDF7001147}.AppStore|iPhoneSimulator.Build.0 = Release|Any CPU
		{E006E660-5440-4DDE-AE56-A6FDF7001147}.AppStore|iPhoneSimulator.Deploy.0 = Release|Any CPU
		{E006E660-5440-4DDE-AE56-A6FDF7001147}.AppStore|x64.ActiveCfg = Release|Any CPU
		{E006E660-5440-4DDE-AE56-A6FDF7001147}.AppStore|x64.Build.0 = Release|Any CPU
		{E006E660-5440-4DDE-AE56-A6FDF7001147}.AppStore|x64.Deploy.0 = Release|Any CPU
		{E006E660-5440-4DDE-AE56-A6FDF7001147}.AppStore|x86.ActiveCfg = Release|Any CPU
		{E006E660-5440-4DDE-AE56-A6FDF7001147}.AppStore|x86.Build.0 = Release|Any CPU
		{E006E660-5440-4DDE-AE56-A6FDF7001147}.AppStore|x86.Deploy.0 = Release|Any CPU
		{E006E660-5440-4DDE-AE56-A6FDF7001147}.Debug|Any CPU.ActiveCfg = Debug|Any CPU
		{E006E660-5440-4DDE-AE56-A6FDF7001147}.Debug|Any CPU.Build.0 = Debug|Any CPU
		{E006E660-5440-4DDE-AE56-A6FDF7001147}.Debug|Any CPU.Deploy.0 = Debug|Any CPU
		{E006E660-5440-4DDE-AE56-A6FDF7001147}.Debug|ARM.ActiveCfg = Debug|Any CPU
		{E006E660-5440-4DDE-AE56-A6FDF7001147}.Debug|ARM.Build.0 = Debug|Any CPU
		{E006E660-5440-4DDE-AE56-A6FDF7001147}.Debug|ARM.Deploy.0 = Debug|Any CPU
		{E006E660-5440-4DDE-AE56-A6FDF7001147}.Debug|iPhone.ActiveCfg = Debug|Any CPU
		{E006E660-5440-4DDE-AE56-A6FDF7001147}.Debug|iPhone.Build.0 = Debug|Any CPU
		{E006E660-5440-4DDE-AE56-A6FDF7001147}.Debug|iPhone.Deploy.0 = Debug|Any CPU
		{E006E660-5440-4DDE-AE56-A6FDF7001147}.Debug|iPhoneSimulator.ActiveCfg = Debug|Any CPU
		{E006E660-5440-4DDE-AE56-A6FDF7001147}.Debug|iPhoneSimulator.Build.0 = Debug|Any CPU
		{E006E660-5440-4DDE-AE56-A6FDF7001147}.Debug|iPhoneSimulator.Deploy.0 = Debug|Any CPU
		{E006E660-5440-4DDE-AE56-A6FDF7001147}.Debug|x64.ActiveCfg = Debug|Any CPU
		{E006E660-5440-4DDE-AE56-A6FDF7001147}.Debug|x64.Build.0 = Debug|Any CPU
		{E006E660-5440-4DDE-AE56-A6FDF7001147}.Debug|x64.Deploy.0 = Debug|Any CPU
		{E006E660-5440-4DDE-AE56-A6FDF7001147}.Debug|x86.ActiveCfg = Debug|Any CPU
		{E006E660-5440-4DDE-AE56-A6FDF7001147}.Debug|x86.Build.0 = Debug|Any CPU
		{E006E660-5440-4DDE-AE56-A6FDF7001147}.Debug|x86.Deploy.0 = Debug|Any CPU
		{E006E660-5440-4DDE-AE56-A6FDF7001147}.Release|Any CPU.ActiveCfg = Release|Any CPU
		{E006E660-5440-4DDE-AE56-A6FDF7001147}.Release|Any CPU.Build.0 = Release|Any CPU
		{E006E660-5440-4DDE-AE56-A6FDF7001147}.Release|Any CPU.Deploy.0 = Release|Any CPU
		{E006E660-5440-4DDE-AE56-A6FDF7001147}.Release|ARM.ActiveCfg = Release|Any CPU
		{E006E660-5440-4DDE-AE56-A6FDF7001147}.Release|ARM.Build.0 = Release|Any CPU
		{E006E660-5440-4DDE-AE56-A6FDF7001147}.Release|ARM.Deploy.0 = Release|Any CPU
		{E006E660-5440-4DDE-AE56-A6FDF7001147}.Release|iPhone.ActiveCfg = Release|Any CPU
		{E006E660-5440-4DDE-AE56-A6FDF7001147}.Release|iPhone.Build.0 = Release|Any CPU
		{E006E660-5440-4DDE-AE56-A6FDF7001147}.Release|iPhone.Deploy.0 = Release|Any CPU
		{E006E660-5440-4DDE-AE56-A6FDF7001147}.Release|iPhoneSimulator.ActiveCfg = Release|Any CPU
		{E006E660-5440-4DDE-AE56-A6FDF7001147}.Release|iPhoneSimulator.Build.0 = Release|Any CPU
		{E006E660-5440-4DDE-AE56-A6FDF7001147}.Release|iPhoneSimulator.Deploy.0 = Release|Any CPU
		{E006E660-5440-4DDE-AE56-A6FDF7001147}.Release|x64.ActiveCfg = Release|Any CPU
		{E006E660-5440-4DDE-AE56-A6FDF7001147}.Release|x64.Build.0 = Release|Any CPU
		{E006E660-5440-4DDE-AE56-A6FDF7001147}.Release|x64.Deploy.0 = Release|Any CPU
		{E006E660-5440-4DDE-AE56-A6FDF7001147}.Release|x86.ActiveCfg = Release|Any CPU
		{E006E660-5440-4DDE-AE56-A6FDF7001147}.Release|x86.Build.0 = Release|Any CPU
		{E006E660-5440-4DDE-AE56-A6FDF7001147}.Release|x86.Deploy.0 = Release|Any CPU
		{21CDE8AD-3431-4895-B5CA-4475AE72EA21}.Ad-Hoc|Any CPU.ActiveCfg = Ad-Hoc|iPhone
		{21CDE8AD-3431-4895-B5CA-4475AE72EA21}.Ad-Hoc|ARM.ActiveCfg = Ad-Hoc|iPhone
		{21CDE8AD-3431-4895-B5CA-4475AE72EA21}.Ad-Hoc|iPhone.ActiveCfg = Ad-Hoc|iPhone
		{21CDE8AD-3431-4895-B5CA-4475AE72EA21}.Ad-Hoc|iPhone.Build.0 = Ad-Hoc|iPhone
		{21CDE8AD-3431-4895-B5CA-4475AE72EA21}.Ad-Hoc|iPhoneSimulator.ActiveCfg = Ad-Hoc|iPhoneSimulator
		{21CDE8AD-3431-4895-B5CA-4475AE72EA21}.Ad-Hoc|iPhoneSimulator.Build.0 = Ad-Hoc|iPhoneSimulator
		{21CDE8AD-3431-4895-B5CA-4475AE72EA21}.Ad-Hoc|x64.ActiveCfg = Ad-Hoc|iPhone
		{21CDE8AD-3431-4895-B5CA-4475AE72EA21}.Ad-Hoc|x86.ActiveCfg = Ad-Hoc|iPhone
		{21CDE8AD-3431-4895-B5CA-4475AE72EA21}.AppStore|Any CPU.ActiveCfg = AppStore|iPhone
		{21CDE8AD-3431-4895-B5CA-4475AE72EA21}.AppStore|ARM.ActiveCfg = AppStore|iPhone
		{21CDE8AD-3431-4895-B5CA-4475AE72EA21}.AppStore|iPhone.ActiveCfg = AppStore|iPhone
		{21CDE8AD-3431-4895-B5CA-4475AE72EA21}.AppStore|iPhone.Build.0 = AppStore|iPhone
		{21CDE8AD-3431-4895-B5CA-4475AE72EA21}.AppStore|iPhoneSimulator.ActiveCfg = AppStore|iPhoneSimulator
		{21CDE8AD-3431-4895-B5CA-4475AE72EA21}.AppStore|iPhoneSimulator.Build.0 = AppStore|iPhoneSimulator
		{21CDE8AD-3431-4895-B5CA-4475AE72EA21}.AppStore|x64.ActiveCfg = AppStore|iPhone
		{21CDE8AD-3431-4895-B5CA-4475AE72EA21}.AppStore|x86.ActiveCfg = AppStore|iPhone
		{21CDE8AD-3431-4895-B5CA-4475AE72EA21}.Debug|Any CPU.ActiveCfg = Debug|iPhone
		{21CDE8AD-3431-4895-B5CA-4475AE72EA21}.Debug|ARM.ActiveCfg = Debug|iPhone
		{21CDE8AD-3431-4895-B5CA-4475AE72EA21}.Debug|iPhone.ActiveCfg = Debug|iPhone
		{21CDE8AD-3431-4895-B5CA-4475AE72EA21}.Debug|iPhone.Build.0 = Debug|iPhone
		{21CDE8AD-3431-4895-B5CA-4475AE72EA21}.Debug|iPhoneSimulator.ActiveCfg = Debug|iPhoneSimulator
		{21CDE8AD-3431-4895-B5CA-4475AE72EA21}.Debug|iPhoneSimulator.Build.0 = Debug|iPhoneSimulator
		{21CDE8AD-3431-4895-B5CA-4475AE72EA21}.Debug|x64.ActiveCfg = Debug|iPhone
		{21CDE8AD-3431-4895-B5CA-4475AE72EA21}.Debug|x86.ActiveCfg = Debug|iPhone
		{21CDE8AD-3431-4895-B5CA-4475AE72EA21}.Release|Any CPU.ActiveCfg = Release|iPhone
		{21CDE8AD-3431-4895-B5CA-4475AE72EA21}.Release|ARM.ActiveCfg = Release|iPhone
		{21CDE8AD-3431-4895-B5CA-4475AE72EA21}.Release|iPhone.ActiveCfg = Release|iPhone
		{21CDE8AD-3431-4895-B5CA-4475AE72EA21}.Release|iPhone.Build.0 = Release|iPhone
		{21CDE8AD-3431-4895-B5CA-4475AE72EA21}.Release|iPhoneSimulator.ActiveCfg = Release|iPhoneSimulator
		{21CDE8AD-3431-4895-B5CA-4475AE72EA21}.Release|iPhoneSimulator.Build.0 = Release|iPhoneSimulator
		{21CDE8AD-3431-4895-B5CA-4475AE72EA21}.Release|x64.ActiveCfg = Release|iPhone
		{21CDE8AD-3431-4895-B5CA-4475AE72EA21}.Release|x86.ActiveCfg = Release|iPhone
	EndGlobalSection
	GlobalSection(SolutionProperties) = preSolution
		HideSolutionNode = FALSE
	EndGlobalSection
EndGlobal
